<?xml version="1.0" encoding="utf-8"?>
<Project ToolsVersion="4.0" xmlns="http://schemas.microsoft.com/developer/msbuild/2003">
  <ItemGroup>
    <Filter Include="Source Files">
      <UniqueIdentifier>{4FC737F1-C7A5-4376-A066-2A32D752A2FF}</UniqueIdentifier>
      <Extensions>cpp;c;cc;cxx;c++;cppm;ixx;def;odl;idl;hpj;bat;asm;asmx</Extensions>
    </Filter>
    <Filter Include="Header Files">
      <UniqueIdentifier>{93995380-89BD-4b04-88EB-625FBE52EBFB}</UniqueIdentifier>
      <Extensions>h;hh;hpp;hxx;h++;hm;inl;inc;ipp;xsd</Extensions>
    </Filter>
    <Filter Include="Resource Files">
      <UniqueIdentifier>{67DA6AB6-F800-4c08-8B7A-83BB121AAD01}</UniqueIdentifier>
      <Extensions>rc;ico;cur;bmp;dlg;rc2;rct;bin;rgs;gif;jpg;jpeg;jpe;resx;tiff;tif;png;wav;mfcribbon-ms</Extensions>
    </Filter>
    <Filter Include="Header Files\Structures">
      <UniqueIdentifier>{c3a000f6-876b-476b-8d95-95d8baba2037}</UniqueIdentifier>
    </Filter>
    <Filter Include="Header Files\Structures\BST">
      <UniqueIdentifier>{85f54d9b-1795-4598-a9c5-748fb92bf04c}</UniqueIdentifier>
    </Filter>
    <Filter Include="Header Files\Structures\AVL">
      <UniqueIdentifier>{a548f54c-032e-49c3-af30-7314109b12a8}</UniqueIdentifier>
    </Filter>
    <Filter Include="Header Files\Tests">
      <UniqueIdentifier>{f82dbf3a-8c02-4461-a0d1-791c6c554481}</UniqueIdentifier>
    </Filter>
    <Filter Include="Source Files\Tests">
      <UniqueIdentifier>{0aefcb64-fe56-4bb3-a00b-f5bf5e70ea23}</UniqueIdentifier>
    </Filter>
  </ItemGroup>
  <ItemGroup>
    <ClInclude Include="BinarySearchTree.h">
      <Filter>Header Files\Structures\BST</Filter>
    </ClInclude>
    <ClInclude Include="BSTNode.h">
      <Filter>Header Files\Structures\BST</Filter>
    </ClInclude>
    <ClInclude Include="Number.h">
      <Filter>Header Files</Filter>
    </ClInclude>
    <ClInclude Include="IComparable.h">
      <Filter>Header Files</Filter>
    </ClInclude>
    <ClInclude Include="AVLNode.h">
      <Filter>Header Files\Structures\AVL</Filter>
    </ClInclude>
    <ClInclude Include="AVLTree.h">
      <Filter>Header Files\Structures\AVL</Filter>
    </ClInclude>
    <ClInclude Include="BTTester.h">
      <Filter>Header Files\Tests</Filter>
    </ClInclude>
    <ClInclude Include="LinkedListTester.h">
      <Filter>Header Files\Tests</Filter>
    </ClInclude>
    <ClInclude Include="Tester.h">
      <Filter>Header Files\Tests</Filter>
    </ClInclude>
  </ItemGroup>
  <ItemGroup>
    <ClCompile Include="main.cpp">
      <Filter>Source Files</Filter>
    </ClCompile>
    <ClCompile Include="Number.cpp">
      <Filter>Source Files</Filter>
    </ClCompile>
    <ClCompile Include="LinkedListTester.cpp">
      <Filter>Source Files\Tests</Filter>
    </ClCompile>
  </ItemGroup>
</Project>